dependencies:
- name: keycloak
  repository: https://charts.bitnami.com/bitnami
  version: 15.1.6
- name: common
  repository: https://charts.bitnami.com/bitnami
  version: 2.13.3
- name: postgresql
  repository: https://charts.bitnami.com/bitnami
  version: 11.9.13
- name: pgadmin4
  repository: file://charts/pgadmin4
  version: 1.19.0
digest: sha256:30c1e41f2c5f35829f68dd52ecc80005b4edf726d9e472801f6bfb834b8be512
generated: "2023-11-22T12:12:48.461495+01:00"
