dependencies:
- name: keycloak
  repository: https://charts.bitnami.com/bitnami
  version: 15.1.6
- name: common
  repository: https://charts.bitnami.com/bitnami
  version: 2.22.0
- name: postgresql
  repository: https://charts.bitnami.com/bitnami
  version: 11.9.13
- name: pgadmin4
  repository: file://charts/pgadmin4
  version: 1.19.0
digest: sha256:886b90f763f2320a1601e15b06264065a764f51fc34d592c0f0a08bd76f01635
generated: "2024-08-22T18:04:25.649769241+05:30"
